
Microsoft Visual Studio Solution File, Format Version 12.00
# Visual Studio 15
VisualStudioVersion = 15.0.26124.0
MinimumVisualStudioVersion = 15.0.26124.0
Project("{2150E333-8FDC-42A3-9474-1A3956D46DE8}") = "Source", "Source", "{E5579F1B-4BAD-4ADE-9CD2-FC557410F009}"
EndProject
Project("{FAE04EC0-301F-11D3-BF4B-00C04F79EFBC}") = "Events", "Source\Events\Events.csproj", "{7E623DDE-708D-4A80-B8FD-A51A0B15AD1F}"
EndProject
Project("{2150E333-8FDC-42A3-9474-1A3956D46DE8}") = "Specifications", "Specifications", "{74CEC9E0-DF8F-4AB0-8F3E-9131DD8D031F}"
EndProject
Project("{FAE04EC0-301F-11D3-BF4B-00C04F79EFBC}") = "Events", "Specifications\Events\Events.csproj", "{B6FF7405-0B12-4FE7-8759-37693DDCDC8D}"
EndProject
Project("{FAE04EC0-301F-11D3-BF4B-00C04F79EFBC}") = "MongoDB", "Specifications\MongoDB\MongoDB.csproj", "{C3FA7F80-F192-4DAA-9BD7-DCD8871603D8}"
EndProject
Project("{FAE04EC0-301F-11D3-BF4B-00C04F79EFBC}") = "MongoDB", "Source\MongoDB\MongoDB.csproj", "{1CCC46E1-6089-4466-A5B0-6E4AEFA295BE}"
EndProject
Project("{FAE04EC0-301F-11D3-BF4B-00C04F79EFBC}") = "Rules", "Source\Rules\Rules.csproj", "{DBBFB08F-FF67-4291-888A-48BB2EA4FF70}"
EndProject
Global
	GlobalSection(SolutionConfigurationPlatforms) = preSolution
		Debug|Any CPU = Debug|Any CPU
		Debug|x64 = Debug|x64
		Debug|x86 = Debug|x86
		Release|Any CPU = Release|Any CPU
		Release|x64 = Release|x64
		Release|x86 = Release|x86
	EndGlobalSection
	GlobalSection(SolutionProperties) = preSolution
		HideSolutionNode = FALSE
	EndGlobalSection
	GlobalSection(ProjectConfigurationPlatforms) = postSolution
		{7E623DDE-708D-4A80-B8FD-A51A0B15AD1F}.Debug|Any CPU.ActiveCfg = Debug|Any CPU
		{7E623DDE-708D-4A80-B8FD-A51A0B15AD1F}.Debug|Any CPU.Build.0 = Debug|Any CPU
		{7E623DDE-708D-4A80-B8FD-A51A0B15AD1F}.Debug|x64.ActiveCfg = Debug|Any CPU
		{7E623DDE-708D-4A80-B8FD-A51A0B15AD1F}.Debug|x64.Build.0 = Debug|Any CPU
		{7E623DDE-708D-4A80-B8FD-A51A0B15AD1F}.Debug|x86.ActiveCfg = Debug|Any CPU
		{7E623DDE-708D-4A80-B8FD-A51A0B15AD1F}.Debug|x86.Build.0 = Debug|Any CPU
		{7E623DDE-708D-4A80-B8FD-A51A0B15AD1F}.Release|Any CPU.ActiveCfg = Release|Any CPU
		{7E623DDE-708D-4A80-B8FD-A51A0B15AD1F}.Release|Any CPU.Build.0 = Release|Any CPU
		{7E623DDE-708D-4A80-B8FD-A51A0B15AD1F}.Release|x64.ActiveCfg = Release|Any CPU
		{7E623DDE-708D-4A80-B8FD-A51A0B15AD1F}.Release|x64.Build.0 = Release|Any CPU
		{7E623DDE-708D-4A80-B8FD-A51A0B15AD1F}.Release|x86.ActiveCfg = Release|Any CPU
		{7E623DDE-708D-4A80-B8FD-A51A0B15AD1F}.Release|x86.Build.0 = Release|Any CPU
		{B6FF7405-0B12-4FE7-8759-37693DDCDC8D}.Debug|Any CPU.ActiveCfg = Debug|Any CPU
		{B6FF7405-0B12-4FE7-8759-37693DDCDC8D}.Debug|Any CPU.Build.0 = Debug|Any CPU
		{B6FF7405-0B12-4FE7-8759-37693DDCDC8D}.Debug|x64.ActiveCfg = Debug|Any CPU
		{B6FF7405-0B12-4FE7-8759-37693DDCDC8D}.Debug|x64.Build.0 = Debug|Any CPU
		{B6FF7405-0B12-4FE7-8759-37693DDCDC8D}.Debug|x86.ActiveCfg = Debug|Any CPU
		{B6FF7405-0B12-4FE7-8759-37693DDCDC8D}.Debug|x86.Build.0 = Debug|Any CPU
		{B6FF7405-0B12-4FE7-8759-37693DDCDC8D}.Release|Any CPU.ActiveCfg = Release|Any CPU
		{B6FF7405-0B12-4FE7-8759-37693DDCDC8D}.Release|Any CPU.Build.0 = Release|Any CPU
		{B6FF7405-0B12-4FE7-8759-37693DDCDC8D}.Release|x64.ActiveCfg = Release|Any CPU
		{B6FF7405-0B12-4FE7-8759-37693DDCDC8D}.Release|x64.Build.0 = Release|Any CPU
		{B6FF7405-0B12-4FE7-8759-37693DDCDC8D}.Release|x86.ActiveCfg = Release|Any CPU
		{B6FF7405-0B12-4FE7-8759-37693DDCDC8D}.Release|x86.Build.0 = Release|Any CPU
		{C3FA7F80-F192-4DAA-9BD7-DCD8871603D8}.Debug|Any CPU.ActiveCfg = Debug|Any CPU
		{C3FA7F80-F192-4DAA-9BD7-DCD8871603D8}.Debug|Any CPU.Build.0 = Debug|Any CPU
		{C3FA7F80-F192-4DAA-9BD7-DCD8871603D8}.Debug|x64.ActiveCfg = Debug|Any CPU
		{C3FA7F80-F192-4DAA-9BD7-DCD8871603D8}.Debug|x64.Build.0 = Debug|Any CPU
		{C3FA7F80-F192-4DAA-9BD7-DCD8871603D8}.Debug|x86.ActiveCfg = Debug|Any CPU
		{C3FA7F80-F192-4DAA-9BD7-DCD8871603D8}.Debug|x86.Build.0 = Debug|Any CPU
		{C3FA7F80-F192-4DAA-9BD7-DCD8871603D8}.Release|Any CPU.ActiveCfg = Release|Any CPU
		{C3FA7F80-F192-4DAA-9BD7-DCD8871603D8}.Release|Any CPU.Build.0 = Release|Any CPU
		{C3FA7F80-F192-4DAA-9BD7-DCD8871603D8}.Release|x64.ActiveCfg = Release|Any CPU
		{C3FA7F80-F192-4DAA-9BD7-DCD8871603D8}.Release|x64.Build.0 = Release|Any CPU
		{C3FA7F80-F192-4DAA-9BD7-DCD8871603D8}.Release|x86.ActiveCfg = Release|Any CPU
		{C3FA7F80-F192-4DAA-9BD7-DCD8871603D8}.Release|x86.Build.0 = Release|Any CPU
		{1CCC46E1-6089-4466-A5B0-6E4AEFA295BE}.Debug|Any CPU.ActiveCfg = Debug|Any CPU
		{1CCC46E1-6089-4466-A5B0-6E4AEFA295BE}.Debug|Any CPU.Build.0 = Debug|Any CPU
		{1CCC46E1-6089-4466-A5B0-6E4AEFA295BE}.Debug|x64.ActiveCfg = Debug|Any CPU
		{1CCC46E1-6089-4466-A5B0-6E4AEFA295BE}.Debug|x64.Build.0 = Debug|Any CPU
		{1CCC46E1-6089-4466-A5B0-6E4AEFA295BE}.Debug|x86.ActiveCfg = Debug|Any CPU
		{1CCC46E1-6089-4466-A5B0-6E4AEFA295BE}.Debug|x86.Build.0 = Debug|Any CPU
		{1CCC46E1-6089-4466-A5B0-6E4AEFA295BE}.Release|Any CPU.ActiveCfg = Release|Any CPU
		{1CCC46E1-6089-4466-A5B0-6E4AEFA295BE}.Release|Any CPU.Build.0 = Release|Any CPU
		{1CCC46E1-6089-4466-A5B0-6E4AEFA295BE}.Release|x64.ActiveCfg = Release|Any CPU
		{1CCC46E1-6089-4466-A5B0-6E4AEFA295BE}.Release|x64.Build.0 = Release|Any CPU
		{1CCC46E1-6089-4466-A5B0-6E4AEFA295BE}.Release|x86.ActiveCfg = Release|Any CPU
		{1CCC46E1-6089-4466-A5B0-6E4AEFA295BE}.Release|x86.Build.0 = Release|Any CPU
		{DBBFB08F-FF67-4291-888A-48BB2EA4FF70}.Debug|Any CPU.ActiveCfg = Debug|Any CPU
		{DBBFB08F-FF67-4291-888A-48BB2EA4FF70}.Debug|Any CPU.Build.0 = Debug|Any CPU
		{DBBFB08F-FF67-4291-888A-48BB2EA4FF70}.Debug|x64.ActiveCfg = Debug|Any CPU
		{DBBFB08F-FF67-4291-888A-48BB2EA4FF70}.Debug|x64.Build.0 = Debug|Any CPU
		{DBBFB08F-FF67-4291-888A-48BB2EA4FF70}.Debug|x86.ActiveCfg = Debug|Any CPU
		{DBBFB08F-FF67-4291-888A-48BB2EA4FF70}.Debug|x86.Build.0 = Debug|Any CPU
		{DBBFB08F-FF67-4291-888A-48BB2EA4FF70}.Release|Any CPU.ActiveCfg = Release|Any CPU
		{DBBFB08F-FF67-4291-888A-48BB2EA4FF70}.Release|Any CPU.Build.0 = Release|Any CPU
		{DBBFB08F-FF67-4291-888A-48BB2EA4FF70}.Release|x64.ActiveCfg = Release|Any CPU
		{DBBFB08F-FF67-4291-888A-48BB2EA4FF70}.Release|x64.Build.0 = Release|Any CPU
		{DBBFB08F-FF67-4291-888A-48BB2EA4FF70}.Release|x86.ActiveCfg = Release|Any CPU
		{DBBFB08F-FF67-4291-888A-48BB2EA4FF70}.Release|x86.Build.0 = Release|Any CPU
	EndGlobalSection
	GlobalSection(NestedProjects) = preSolution
		{7E623DDE-708D-4A80-B8FD-A51A0B15AD1F} = {E5579F1B-4BAD-4ADE-9CD2-FC557410F009}
		{B6FF7405-0B12-4FE7-8759-37693DDCDC8D} = {74CEC9E0-DF8F-4AB0-8F3E-9131DD8D031F}
		{C3FA7F80-F192-4DAA-9BD7-DCD8871603D8} = {74CEC9E0-DF8F-4AB0-8F3E-9131DD8D031F}
		{1CCC46E1-6089-4466-A5B0-6E4AEFA295BE} = {E5579F1B-4BAD-4ADE-9CD2-FC557410F009}
		{DBBFB08F-FF67-4291-888A-48BB2EA4FF70} = {E5579F1B-4BAD-4ADE-9CD2-FC557410F009}
	EndGlobalSection
EndGlobal
